
Microsoft Visual Studio Solution File, Format Version 12.00
# Visual Studio Version 17
VisualStudioVersion = 17.8.34004.107
MinimumVisualStudioVersion = 10.0.40219.1
Project("{FAE04EC0-301F-11D3-BF4B-00C04F79EFBC}") = "LINQSamples", "LINQSamples\LINQSamples.csproj", "{A6DEA8DA-6C2C-4347-BA60-43B5214A8664}"
EndProject
Project("{FAE04EC0-301F-11D3-BF4B-00C04F79EFBC}") = "LINQSamples.Common", "LINQSamples.Common\LINQSamples.Common.csproj", "{373E6D8F-941D-4C20-9FDD-03583BE9585F}"
EndProject
Project("{FAE04EC0-301F-11D3-BF4B-00C04F79EFBC}") = "LINQSamples.DataLayer", "LINQSamples.DataLayer\LINQSamples.DataLayer.csproj", "{A06A5623-B6CC-48B5-B5E6-687784CFEA32}"
EndProject
Global
	GlobalSection(SolutionConfigurationPlatforms) = preSolution
		Debug|Any CPU = Debug|Any CPU
		Release|Any CPU = Release|Any CPU
	EndGlobalSection
	GlobalSection(ProjectConfigurationPlatforms) = postSolution
		{A6DEA8DA-6C2C-4347-BA60-43B5214A8664}.Debug|Any CPU.ActiveCfg = Debug|Any CPU
		{A6DEA8DA-6C2C-4347-BA60-43B5214A8664}.Debug|Any CPU.Build.0 = Debug|Any CPU
		{A6DEA8DA-6C2C-4347-BA60-43B5214A8664}.Release|Any CPU.ActiveCfg = Release|Any CPU
		{A6DEA8DA-6C2C-4347-BA60-43B5214A8664}.Release|Any CPU.Build.0 = Release|Any CPU
		{373E6D8F-941D-4C20-9FDD-03583BE9585F}.Debug|Any CPU.ActiveCfg = Debug|Any CPU
		{373E6D8F-941D-4C20-9FDD-03583BE9585F}.Debug|Any CPU.Build.0 = Debug|Any CPU
		{373E6D8F-941D-4C20-9FDD-03583BE9585F}.Release|Any CPU.ActiveCfg = Release|Any CPU
		{373E6D8F-941D-4C20-9FDD-03583BE9585F}.Release|Any CPU.Build.0 = Release|Any CPU
		{A06A5623-B6CC-48B5-B5E6-687784CFEA32}.Debug|Any CPU.ActiveCfg = Debug|Any CPU
		{A06A5623-B6CC-48B5-B5E6-687784CFEA32}.Debug|Any CPU.Build.0 = Debug|Any CPU
		{A06A5623-B6CC-48B5-B5E6-687784CFEA32}.Release|Any CPU.ActiveCfg = Release|Any CPU
		{A06A5623-B6CC-48B5-B5E6-687784CFEA32}.Release|Any CPU.Build.0 = Release|Any CPU
	EndGlobalSection
	GlobalSection(SolutionProperties) = preSolution
		HideSolutionNode = FALSE
	EndGlobalSection
	GlobalSection(ExtensibilityGlobals) = postSolution
		SolutionGuid = {E5A3EE7F-FE1C-4189-8ADB-CD706A76A55C}
	EndGlobalSection
EndGlobal
